// !$*UTF8*$!
{
	archiveVersion = 1;
	classes = {
	};
	objectVersion = 46;
	objects = {

/* Begin PBXBuildFile section */
		4635DE4A1CE65570000A1FDD /* AppDelegate.swift in Sources */ = {isa = PBXBuildFile; fileRef = 4635DE491CE65570000A1FDD /* AppDelegate.swift */; };
		4635DE4C1CE65570000A1FDD /* ViewController.swift in Sources */ = {isa = PBXBuildFile; fileRef = 4635DE4B1CE65570000A1FDD /* ViewController.swift */; };
		4635DE4F1CE65570000A1FDD /* Main.storyboard in Resources */ = {isa = PBXBuildFile; fileRef = 4635DE4D1CE65570000A1FDD /* Main.storyboard */; };
		4635DE521CE65570000A1FDD /* CoreDataExample.xcdatamodeld in Sources */ = {isa = PBXBuildFile; fileRef = 4635DE501CE65570000A1FDD /* CoreDataExample.xcdatamodeld */; };
		4635DE541CE65570000A1FDD /* Assets.xcassets in Resources */ = {isa = PBXBuildFile; fileRef = 4635DE531CE65570000A1FDD /* Assets.xcassets */; };
		4635DE571CE65570000A1FDD /* LaunchScreen.storyboard in Resources */ = {isa = PBXBuildFile; fileRef = 4635DE551CE65570000A1FDD /* LaunchScreen.storyboard */; };
/* End PBXBuildFile section */

/* Begin PBXFileReference section */
		4635DE461CE65570000A1FDD /* CoreDataExample.app */ = {isa = PBXFileReference; explicitFileType = wrapper.application; includeInIndex = 0; path = CoreDataExample.app; sourceTree = BUILT_PRODUCTS_DIR; };
		4635DE491CE65570000A1FDD /* AppDelegate.swift */ = {isa = PBXFileReference; lastKnownFileType = sourcecode.swift; path = AppDelegate.swift; sourceTree = "<group>"; };
		4635DE4B1CE65570000A1FDD /* ViewController.swift */ = {isa = PBXFileReference; lastKnownFileType = sourcecode.swift; path = ViewController.swift; sourceTree = "<group>"; };
		4635DE4E1CE65570000A1FDD /* Base */ = {isa = PBXFileReference; lastKnownFileType = file.storyboard; name = Base; path = Base.lproj/Main.storyboard; sourceTree = "<group>"; };
		4635DE511CE65570000A1FDD /* CoreDataExample.xcdatamodel */ = {isa = PBXFileReference; lastKnownFileType = wrapper.xcdatamodel; path = CoreDataExample.xcdatamodel; sourceTree = "<group>"; };
		4635DE531CE65570000A1FDD /* Assets.xcassets */ = {isa = PBXFileReference; lastKnownFileType = folder.assetcatalog; path = Assets.xcassets; sourceTree = "<group>"; };
		4635DE561CE65570000A1FDD /* Base */ = {isa = PBXFileReference; lastKnownFileType = file.storyboard; name = Base; path = Base.lproj/LaunchScreen.storyboard; sourceTree = "<group>"; };
		4635DE581CE65570000A1FDD /* Info.plist */ = {isa = PBXFileReference; lastKnownFileType = text.plist.xml; path = Info.plist; sourceTree = "<group>"; };
/* End PBXFileReference section */

/* Begin PBXFrameworksBuildPhase section */
		4635DE431CE65570000A1FDD /* Frameworks */ = {
			isa = PBXFrameworksBuildPhase;
			buildActionMask = 2147483647;
			files = (
			);
			runOnlyForDeploymentPostprocessing = 0;
		};
/* End PBXFrameworksBuildPhase section */

/* Begin PBXGroup section */
		4635DE3D1CE65570000A1FDD = {
			isa = PBXGroup;
			children = (
				4635DE481CE65570000A1FDD /* CoreDataExample */,
				4635DE471CE65570000A1FDD /* Products */,
			);
			sourceTree = "<group>";
		};
		4635DE471CE65570000A1FDD /* Products */ = {
			isa = PBXGroup;
			children = (
				4635DE461CE65570000A1FDD /* CoreDataExample.app */,
			);
			name = Products;
			sourceTree = "<group>";
		};
		4635DE481CE65570000A1FDD /* CoreDataExample */ = {
			isa = PBXGroup;
			children = (
				4635DE621CE65598000A1FDD /* Supporting Files */,
				4635DE611CE65590000A1FDD /* Services */,
				4635DE601CE6558B000A1FDD /* Controller */,
				4635DE5F1CE65584000A1FDD /* View */,
				4635DE5E1CE65580000A1FDD /* Model */,
			);
			path = CoreDataExample;
			sourceTree = "<group>";
		};
		4635DE5E1CE65580000A1FDD /* Model */ = {
			isa = PBXGroup;
			children = (
			);
			name = Model;
			sourceTree = "<group>";
		};
		4635DE5F1CE65584000A1FDD /* View */ = {
			isa = PBXGroup;
			children = (
				4635DE4D1CE65570000A1FDD /* Main.storyboard */,
				4635DE551CE65570000A1FDD /* LaunchScreen.storyboard */,
			);
			name = View;
			sourceTree = "<group>";
		};
		4635DE601CE6558B000A1FDD /* Controller */ = {
			isa = PBXGroup;
			children = (
				4635DE4B1CE65570000A1FDD /* ViewController.swift */,
			);
			name = Controller;
			sourceTree = "<group>";
		};
		4635DE611CE65590000A1FDD /* Services */ = {
			isa = PBXGroup;
			children = (
			);
			name = Services;
			sourceTree = "<group>";
		};
		4635DE621CE65598000A1FDD /* Supporting Files */ = {
			isa = PBXGroup;
			children = (
				4635DE491CE65570000A1FDD /* AppDelegate.swift */,
				4635DE531CE65570000A1FDD /* Assets.xcassets */,
				4635DE581CE65570000A1FDD /* Info.plist */,
				4635DE501CE65570000A1FDD /* CoreDataExample.xcdatamodeld */,
			);
			name = "Supporting Files";
			sourceTree = "<group>";
		};
/* End PBXGroup section */

/* Begin PBXNativeTarget section */
		4635DE451CE65570000A1FDD /* CoreDataExample */ = {
			isa = PBXNativeTarget;
			buildConfigurationList = 4635DE5B1CE65570000A1FDD /* Build configuration list for PBXNativeTarget "CoreDataExample" */;
			buildPhases = (
				4635DE421CE65570000A1FDD /* Sources */,
				4635DE431CE65570000A1FDD /* Frameworks */,
				4635DE441CE65570000A1FDD /* Resources */,
			);
			buildRules = (
			);
			dependencies = (
			);
			name = CoreDataExample;
			productName = CoreDataExample;
			productReference = 4635DE461CE65570000A1FDD /* CoreDataExample.app */;
			productType = "com.apple.product-type.application";
		};
/* End PBXNativeTarget section */

/* Begin PBXProject section */
		4635DE3E1CE65570000A1FDD /* Project object */ = {
			isa = PBXProject;
			attributes = {
				LastSwiftUpdateCheck = 0730;
				LastUpgradeCheck = 0730;
				ORGANIZATIONNAME = "Alex Nguyen";
				TargetAttributes = {
					4635DE451CE65570000A1FDD = {
						CreatedOnToolsVersion = 7.3.1;
					};
				};
			};
			buildConfigurationList = 4635DE411CE65570000A1FDD /* Build configuration list for PBXProject "CoreDataExample" */;
			compatibilityVersion = "Xcode 3.2";
			developmentRegion = English;
			hasScannedForEncodings = 0;
			knownRegions = (
				en,
				Base,
			);
			mainGroup = 4635DE3D1CE65570000A1FDD;
			productRefGroup = 4635DE471CE65570000A1FDD /* Products */;
			projectDirPath = "";
			projectRoot = "";
			targets = (
				4635DE451CE65570000A1FDD /* CoreDataExample */,
			);
		};
/* End PBXProject section */

/* Begin PBXResourcesBuildPhase section */
		4635DE441CE65570000A1FDD /* Resources */ = {
			isa = PBXResourcesBuildPhase;
			buildActionMask = 2147483647;
			files = (
				4635DE571CE65570000A1FDD /* LaunchScreen.storyboard in Resources */,
				4635DE541CE65570000A1FDD /* Assets.xcassets in Resources */,
				4635DE4F1CE65570000A1FDD /* Main.storyboard in Resources */,
			);
			runOnlyForDeploymentPostprocessing = 0;
		};
/* End PBXResourcesBuildPhase section */

/* Begin PBXSourcesBuildPhase section */
		4635DE421CE65570000A1FDD /* Sources */ = {
			isa = PBXSourcesBuildPhase;
			buildActionMask = 2147483647;
			files = (
				4635DE4C1CE65570000A1FDD /* ViewController.swift in Sources */,
				4635DE4A1CE65570000A1FDD /* AppDelegate.swift in Sources */,
				4635DE521CE65570000A1FDD /* CoreDataExample.xcdatamodeld in Sources */,
			);
			runOnlyForDeploymentPostprocessing = 0;
		};
/* End PBXSourcesBuildPhase section */

/* Begin PBXVariantGroup section */
		4635DE4D1CE65570000A1FDD /* Main.storyboard */ = {
			isa = PBXVariantGroup;
			children = (
				4635DE4E1CE65570000A1FDD /* Base */,
			);
			name = Main.storyboard;
			sourceTree = "<group>";
		};
		4635DE551CE65570000A1FDD /* LaunchScreen.storyboard */ = {
			isa = PBXVariantGroup;
			children = (
				4635DE561CE65570000A1FDD /* Base */,
			);
			name = LaunchScreen.storyboard;
			sourceTree = "<group>";
		};
/* End PBXVariantGroup section */

/* Begin XCBuildConfiguration section */
		4635DE591CE65570000A1FDD /* Debug */ = {
			isa = XCBuildConfiguration;
			buildSettings = {
				ALWAYS_SEARCH_USER_PATHS = NO;
				CLANG_ANALYZER_NONNULL = YES;
				CLANG_CXX_LANGUAGE_STANDARD = "gnu++0x";
				CLANG_CXX_LIBRARY = "libc++";
				CLANG_ENABLE_MODULES = YES;
				CLANG_ENABLE_OBJC_ARC = YES;
				CLANG_WARN_BOOL_CONVERSION = YES;
				CLANG_WARN_CONSTANT_CONVERSION = YES;
				CLANG_WARN_DIRECT_OBJC_ISA_USAGE = YES_ERROR;
				CLANG_WARN_EMPTY_BODY = YES;
				CLANG_WARN_ENUM_CONVERSION = YES;
				CLANG_WARN_INT_CONVERSION = YES;
				CLANG_WARN_OBJC_ROOT_CLASS = YES_ERROR;
				CLANG_WARN_UNREACHABLE_CODE = YES;
				CLANG_WARN__DUPLICATE_METHOD_MATCH = YES;
				"CODE_SIGN_IDENTITY[sdk=iphoneos*]" = "iPhone Developer";
				COPY_PHASE_STRIP = NO;
				DEBUG_INFORMATION_FORMAT = dwarf;
				ENABLE_STRICT_OBJC_MSGSEND = YES;
				ENABLE_TESTABILITY = YES;
				GCC_C_LANGUAGE_STANDARD = gnu99;
				GCC_DYNAMIC_NO_PIC = NO;
				GCC_NO_COMMON_BLOCKS = YES;
				GCC_OPTIMIZATION_LEVEL = 0;
				GCC_PREPROCESSOR_DEFINITIONS = (
					"DEBUG=1",
					"$(inherited)",
				);
				GCC_WARN_64_TO_32_BIT_CONVERSION = YES;
				GCC_WARN_ABOUT_RETURN_TYPE = YES_ERROR;
				GCC_WARN_UNDECLARED_SELECTOR = YES;
				GCC_WARN_UNINITIALIZED_AUTOS = YES_AGGRESSIVE;
				GCC_WARN_UNUSED_FUNCTION = YES;
				GCC_WARN_UNUSED_VARIABLE = YES;
				IPHONEOS_DEPLOYMENT_TARGET = 9.3;
				MTL_ENABLE_DEBUG_INFO = YES;
				ONLY_ACTIVE_ARCH = YES;
				SDKROOT = iphoneos;
				SWIFT_OPTIMIZATION_LEVEL = "-Onone";
				TARGETED_DEVICE_FAMILY = "1,2";
			};
			name = Debug;
		};
		4635DE5A1CE65570000A1FDD /* Release */ = {
			isa = XCBuildConfiguration;
			buildSettings = {
				ALWAYS_SEARCH_USER_PATHS = NO;
				CLANG_ANALYZER_NONNULL = YES;
				CLANG_CXX_LANGUAGE_STANDARD = "gnu++0x";
				CLANG_CXX_LIBRARY = "libc++";
				CLANG_ENABLE_MODULES = YES;
				CLANG_ENABLE_OBJC_ARC = YES;
				CLANG_WARN_BOOL_CONVERSION = YES;
				CLANG_WARN_CONSTANT_CONVERSION = YES;
				CLANG_WARN_DIRECT_OBJC_ISA_USAGE = YES_ERROR;
				CLANG_WARN_EMPTY_BODY = YES;
				CLANG_WARN_ENUM_CONVERSION = YES;
				CLANG_WARN_INT_CONVERSION = YES;
				CLANG_WARN_OBJC_ROOT_CLASS = YES_ERROR;
				CLANG_WARN_UNREACHABLE_CODE = YES;
				CLANG_WARN__DUPLICATE_METHOD_MATCH = YES;
				"CODE_SIGN_IDENTITY[sdk=iphoneos*]" = "iPhone Developer";
				COPY_PHASE_STRIP = NO;
				DEBUG_INFORMATION_FORMAT = "dwarf-with-dsym";
				ENABLE_NS_ASSERTIONS = NO;
				ENABLE_STRICT_OBJC_MSGSEND = YES;
				GCC_C_LANGUAGE_STANDARD = gnu99;
				GCC_NO_COMMON_BLOCKS = YES;
				GCC_WARN_64_TO_32_BIT_CONVERSION = YES;
				GCC_WARN_ABOUT_RETURN_TYPE = YES_ERROR;
				GCC_WARN_UNDECLARED_SELECTOR = YES;
				GCC_WARN_UNINITIALIZED_AUTOS = YES_AGGRESSIVE;
				GCC_WARN_UNUSED_FUNCTION = YES;
				GCC_WARN_UNUSED_VARIABLE = YES;
				IPHONEOS_DEPLOYMENT_TARGET = 9.3;
				MTL_ENABLE_DEBUG_INFO = NO;
				SDKROOT = iphoneos;
				TARGETED_DEVICE_FAMILY = "1,2";
				VALIDATE_PRODUCT = YES;
			};
			name = Release;
		};
		4635DE5C1CE65570000A1FDD /* Debug */ = {
			isa = XCBuildConfiguration;
			buildSettings = {
				ASSETCATALOG_COMPILER_APPICON_NAME = AppIcon;
				INFOPLIST_FILE = CoreDataExample/Info.plist;
				LD_RUNPATH_SEARCH_PATHS = "$(inherited) @executable_path/Frameworks";
				PRODUCT_BUNDLE_IDENTIFIER = com.itsAlexNguyen.CoreDataExample;
				PRODUCT_NAME = "$(TARGET_NAME)";
			};
			name = Debug;
		};
		4635DE5D1CE65570000A1FDD /* Release */ = {
			isa = XCBuildConfiguration;
			buildSettings = {
				ASSETCATALOG_COMPILER_APPICON_NAME = AppIcon;
				INFOPLIST_FILE = CoreDataExample/Info.plist;
				LD_RUNPATH_SEARCH_PATHS = "$(inherited) @executable_path/Frameworks";
				PRODUCT_BUNDLE_IDENTIFIER = com.itsAlexNguyen.CoreDataExample;
				PRODUCT_NAME = "$(TARGET_NAME)";
			};
			name = Release;
		};
/* End XCBuildConfiguration section */

/* Begin XCConfigurationList section */
		4635DE411CE65570000A1FDD /* Build configuration list for PBXProject "CoreDataExample" */ = {
			isa = XCConfigurationList;
			buildConfigurations = (
				4635DE591CE65570000A1FDD /* Debug */,
				4635DE5A1CE65570000A1FDD /* Release */,
			);
			defaultConfigurationIsVisible = 0;
			defaultConfigurationName = Release;
		};
		4635DE5B1CE65570000A1FDD /* Build configuration list for PBXNativeTarget "CoreDataExample" */ = {
			isa = XCConfigurationList;
			buildConfigurations = (
				4635DE5C1CE65570000A1FDD /* Debug */,
				4635DE5D1CE65570000A1FDD /* Release */,
			);
			defaultConfigurationIsVisible = 0;
		};
/* End XCConfigurationList section */

/* Begin XCVersionGroup section */
		4635DE501CE65570000A1FDD /* CoreDataExample.xcdatamodeld */ = {
			isa = XCVersionGroup;
			children = (
				4635DE511CE65570000A1FDD /* CoreDataExample.xcdatamodel */,
			);
			currentVersion = 4635DE511CE65570000A1FDD /* CoreDataExample.xcdatamodel */;
			path = CoreDataExample.xcdatamodeld;
			sourceTree = "<group>";
			versionGroupType = wrapper.xcdatamodel;
		};
/* End XCVersionGroup section */
	};
	rootObject = 4635DE3E1CE65570000A1FDD /* Project object */;
}
